
Microsoft Visual Studio Solution File, Format Version 12.00
# Visual Studio Version 17
VisualStudioVersion = 17.8.34309.116
MinimumVisualStudioVersion = 10.0.40219.1
Project("{9A19103F-16F7-4668-BE54-9A1E7A4F7556}") = "Monocle", "Monocle.csproj", "{5DED5EE5-468D-4BAF-B20F-AFA4F3497609}"
EndProject
Global
	GlobalSection(SolutionConfigurationPlatforms) = preSolution
		Debug|Any CPU = Debug|Any CPU
		Release|Any CPU = Release|Any CPU
	EndGlobalSection
	GlobalSection(ProjectConfigurationPlatforms) = postSolution
		{5DED5EE5-468D-4BAF-B20F-AFA4F3497609}.Debug|Any CPU.ActiveCfg = Debug|Any CPU
		{5DED5EE5-468D-4BAF-B20F-AFA4F3497609}.Debug|Any CPU.Build.0 = Debug|Any CPU
		{5DED5EE5-468D-4BAF-B20F-AFA4F3497609}.Release|Any CPU.ActiveCfg = Release|Any CPU
		{5DED5EE5-468D-4BAF-B20F-AFA4F3497609}.Release|Any CPU.Build.0 = Release|Any CPU
	EndGlobalSection
	GlobalSection(SolutionProperties) = preSolution
		HideSolutionNode = FALSE
	EndGlobalSection
	GlobalSection(ExtensibilityGlobals) = postSolution
		SolutionGuid = {7C79D97C-7049-4331-AE1F-AD8BA14890FF}
	EndGlobalSection
EndGlobal
