
Microsoft Visual Studio Solution File, Format Version 12.00
# Visual Studio Version 17
VisualStudioVersion = 17.7.34003.232
MinimumVisualStudioVersion = 10.0.40219.1
Project("{9A19103F-16F7-4668-BE54-9A1E7A4F7556}") = "Monocle", "Monocle.csproj", "{2C5F174E-DA7C-44A1-A91B-B519CD595254}"
EndProject
Global
	GlobalSection(SolutionConfigurationPlatforms) = preSolution
		Debug 212|Any CPU = Debug 212|Any CPU
		Debug 216|Any CPU = Debug 216|Any CPU
		Debug 219|Any CPU = Debug 219|Any CPU
		Debug 30|Any CPU = Debug 30|Any CPU
		Release 212|Any CPU = Release 212|Any CPU
		Release 216|Any CPU = Release 216|Any CPU
		Release 219|Any CPU = Release 219|Any CPU
		Release 30|Any CPU = Release 30|Any CPU
	EndGlobalSection
	GlobalSection(ProjectConfigurationPlatforms) = postSolution
		{2C5F174E-DA7C-44A1-A91B-B519CD595254}.Debug 212|Any CPU.ActiveCfg = Debug 212|Any CPU
		{2C5F174E-DA7C-44A1-A91B-B519CD595254}.Debug 212|Any CPU.Build.0 = Debug 212|Any CPU
		{2C5F174E-DA7C-44A1-A91B-B519CD595254}.Debug 216|Any CPU.ActiveCfg = Debug 216|Any CPU
		{2C5F174E-DA7C-44A1-A91B-B519CD595254}.Debug 216|Any CPU.Build.0 = Debug 216|Any CPU
		{2C5F174E-DA7C-44A1-A91B-B519CD595254}.Debug 219|Any CPU.ActiveCfg = Debug 219|Any CPU
		{2C5F174E-DA7C-44A1-A91B-B519CD595254}.Debug 219|Any CPU.Build.0 = Debug 219|Any CPU
		{2C5F174E-DA7C-44A1-A91B-B519CD595254}.Debug 30|Any CPU.ActiveCfg = Debug 30|Any CPU
		{2C5F174E-DA7C-44A1-A91B-B519CD595254}.Debug 30|Any CPU.Build.0 = Debug 30|Any CPU
		{2C5F174E-DA7C-44A1-A91B-B519CD595254}.Release 212|Any CPU.ActiveCfg = Release 212|Any CPU
		{2C5F174E-DA7C-44A1-A91B-B519CD595254}.Release 212|Any CPU.Build.0 = Release 212|Any CPU
		{2C5F174E-DA7C-44A1-A91B-B519CD595254}.Release 216|Any CPU.ActiveCfg = Release 216|Any CPU
		{2C5F174E-DA7C-44A1-A91B-B519CD595254}.Release 216|Any CPU.Build.0 = Release 216|Any CPU
		{2C5F174E-DA7C-44A1-A91B-B519CD595254}.Release 219|Any CPU.ActiveCfg = Release 219|Any CPU
		{2C5F174E-DA7C-44A1-A91B-B519CD595254}.Release 219|Any CPU.Build.0 = Release 219|Any CPU
		{2C5F174E-DA7C-44A1-A91B-B519CD595254}.Release 30|Any CPU.ActiveCfg = Release 30|Any CPU
		{2C5F174E-DA7C-44A1-A91B-B519CD595254}.Release 30|Any CPU.Build.0 = Release 30|Any CPU
	EndGlobalSection
	GlobalSection(SolutionProperties) = preSolution
		HideSolutionNode = FALSE
	EndGlobalSection
	GlobalSection(ExtensibilityGlobals) = postSolution
		SolutionGuid = {38913F80-9F0F-4B3B-9E4E-4C9AE366FDC6}
	EndGlobalSection
EndGlobal
