
Microsoft Visual Studio Solution File, Format Version 12.00
# Visual Studio Version 17
VisualStudioVersion = 17.8.34309.116
MinimumVisualStudioVersion = 10.0.40219.1
Project("{FAE04EC0-301F-11D3-BF4B-00C04F79EFBC}") = "MonocleExtension", "MonocleExtension.csproj", "{CDAEA908-BF84-4ECD-B790-F8007BA6F0EA}"
EndProject
Global
	GlobalSection(SolutionConfigurationPlatforms) = preSolution
		Debug|Any CPU = Debug|Any CPU
		Release|Any CPU = Release|Any CPU
	EndGlobalSection
	GlobalSection(ProjectConfigurationPlatforms) = postSolution
		{CDAEA908-BF84-4ECD-B790-F8007BA6F0EA}.Debug|Any CPU.ActiveCfg = Debug|Any CPU
		{CDAEA908-BF84-4ECD-B790-F8007BA6F0EA}.Debug|Any CPU.Build.0 = Debug|Any CPU
		{CDAEA908-BF84-4ECD-B790-F8007BA6F0EA}.Release|Any CPU.ActiveCfg = Release|Any CPU
		{CDAEA908-BF84-4ECD-B790-F8007BA6F0EA}.Release|Any CPU.Build.0 = Release|Any CPU
	EndGlobalSection
	GlobalSection(SolutionProperties) = preSolution
		HideSolutionNode = FALSE
	EndGlobalSection
	GlobalSection(ExtensibilityGlobals) = postSolution
		SolutionGuid = {6930CF31-51EB-422A-98E9-EEB8EA816460}
	EndGlobalSection
EndGlobal
