
Microsoft Visual Studio Solution File, Format Version 12.00
# Visual Studio 15
VisualStudioVersion = 15.0.28307.1758
MinimumVisualStudioVersion = 10.0.40219.1
Project("{FAE04EC0-301F-11D3-BF4B-00C04F79EFBC}") = "Monocle", "Monocle\Monocle.csproj", "{2C5F174E-DA7C-44A1-A91B-B519CD595254}"
EndProject
Global
	GlobalSection(SolutionConfigurationPlatforms) = preSolution
		Debug|Any CPU = Debug|Any CPU
		Release|Any CPU = Release|Any CPU
	EndGlobalSection
	GlobalSection(ProjectConfigurationPlatforms) = postSolution
		{2C5F174E-DA7C-44A1-A91B-B519CD595254}.Debug|Any CPU.ActiveCfg = Debug|Any CPU
		{2C5F174E-DA7C-44A1-A91B-B519CD595254}.Debug|Any CPU.Build.0 = Debug|Any CPU
		{2C5F174E-DA7C-44A1-A91B-B519CD595254}.Release|Any CPU.ActiveCfg = Release|Any CPU
		{2C5F174E-DA7C-44A1-A91B-B519CD595254}.Release|Any CPU.Build.0 = Release|Any CPU
	EndGlobalSection
	GlobalSection(SolutionProperties) = preSolution
		HideSolutionNode = FALSE
	EndGlobalSection
	GlobalSection(ExtensibilityGlobals) = postSolution
		SolutionGuid = {D691459E-E67D-4F98-9D57-455EBC682814}
	EndGlobalSection
EndGlobal
